github.com/go-errors/errors v1.4.1 h1:IvVlgbzSsaUNudsw5dcXSzF3EWyXTi5XrAdngnuhRyg=
github.com/go-errors/errors v1.4.1/go.mod h1:sIVyrIiJhuEF+Pj9Ebtd6P/rEYROXFi3BopGUQ5a5Og=
github.com/jessevdk/go-flags v1.5.0 h1:1jKYvbxEjfUl0fmqTCOfonvskHHXMjBySTLW4y9LFvc=
github.com/jessevdk/go-flags v1.5.0/go.mod h1:Fw0T6WPc1dYxT4mKEZRfG5kJhaTDP9pj1c2EWnYs/m4=
github.com/marcinbor85/gohex v0.0.0-20210308104911-55fb1c624d84 h1:hyAgCuG5nqTMDeUD8KZs7HSPs6KprPgPP8QmGV8nyvk=
github.com/marcinbor85/gohex v0.0.0-20210308104911-55fb1c624d84/go.mod h1:Pb6XcsXyropB9LNHhnqaknG/vEwYztLkQzVCHv8sQ3M=
github.com/pkg/errors v0.9.1 h1:FEBLx1zS214owpjy7qsBeixbURkuhQAwrK5UwLGTwt4=
github.com/pkg/errors v0.9.1/go.mod h1:bwawxfHBFNV+L2hUp1rHADufV3IMtnDRdf1r5NINEl0=
golang.org/x/sys v0.0.0-20210320140829-1e4c9ba3b0c4 h1:EZ2mChiOa8udjfp6rRmswTbtZN/QzUQp4ptM4rnjHvc=
golang.org/x/sys v0.0.0-20210320140829-1e4c9ba3b0c4/go.mod h1:h1NjWce9XRLGQEsW7wpKNCjG9DtNlClVuFLEZdDNbEs=
